// !$*UTF8*$!
{
	archiveVersion = 1;
	classes = {
	};
	objectVersion = 46;
	objects = {

/* Begin PBXBuildFile section */
		AB9505E11C1D25D600DD20A3 /* main.m in Sources */ = {isa = PBXBuildFile; fileRef = AB9505E01C1D25D600DD20A3 /* main.m */; };
		AB9505EC1C1D25D600DD20A3 /* Assets.xcassets in Resources */ = {isa = PBXBuildFile; fileRef = AB9505EB1C1D25D600DD20A3 /* Assets.xcassets */; };
		AB95061B1C1D262000DD20A3 /* AppDelegate.m in Sources */ = {isa = PBXBuildFile; fileRef = AB9506141C1D262000DD20A3 /* AppDelegate.m */; };
		AB95061C1C1D262000DD20A3 /* BootLogic.m in Sources */ = {isa = PBXBuildFile; fileRef = AB9506161C1D262000DD20A3 /* BootLogic.m */; };
		AB95061D1C1D262000DD20A3 /* ConsoleScreen.m in Sources */ = {isa = PBXBuildFile; fileRef = AB9506181C1D262000DD20A3 /* ConsoleScreen.m */; };
		AB95061E1C1D262000DD20A3 /* MainScreen.m in Sources */ = {isa = PBXBuildFile; fileRef = AB95061A1C1D262000DD20A3 /* MainScreen.m */; };
		AB9506221C1D27BA00DD20A3 /* DemoFunction.m in Sources */ = {isa = PBXBuildFile; fileRef = AB9506211C1D27BA00DD20A3 /* DemoFunction.m */; };
		AB9506271C1D283700DD20A3 /* DemoSelector.m in Sources */ = {isa = PBXBuildFile; fileRef = AB9506251C1D283700DD20A3 /* DemoSelector.m */; };
		AB9506281C1D283700DD20A3 /* DemoSelector.xib in Resources */ = {isa = PBXBuildFile; fileRef = AB9506261C1D283700DD20A3 /* DemoSelector.xib */; };
/* End PBXBuildFile section */

/* Begin PBXFileReference section */
		AB9505DC1C1D25D600DD20A3 /* ObjCExamples1.app */ = {isa = PBXFileReference; explicitFileType = wrapper.application; includeInIndex = 0; path = ObjCExamples1.app; sourceTree = BUILT_PRODUCTS_DIR; };
		AB9505E01C1D25D600DD20A3 /* main.m */ = {isa = PBXFileReference; lastKnownFileType = sourcecode.c.objc; path = main.m; sourceTree = "<group>"; };
		AB9505EB1C1D25D600DD20A3 /* Assets.xcassets */ = {isa = PBXFileReference; lastKnownFileType = folder.assetcatalog; path = Assets.xcassets; sourceTree = "<group>"; };
		AB9505F01C1D25D600DD20A3 /* Info.plist */ = {isa = PBXFileReference; lastKnownFileType = text.plist.xml; path = Info.plist; sourceTree = "<group>"; };
		AB9506131C1D262000DD20A3 /* AppDelegate.h */ = {isa = PBXFileReference; fileEncoding = 4; lastKnownFileType = sourcecode.c.h; name = AppDelegate.h; path = ../../Bootstrap/TechmasterApp/AppDelegate.h; sourceTree = "<group>"; };
		AB9506141C1D262000DD20A3 /* AppDelegate.m */ = {isa = PBXFileReference; fileEncoding = 4; lastKnownFileType = sourcecode.c.objc; name = AppDelegate.m; path = ../../Bootstrap/TechmasterApp/AppDelegate.m; sourceTree = "<group>"; };
		AB9506151C1D262000DD20A3 /* BootLogic.h */ = {isa = PBXFileReference; fileEncoding = 4; lastKnownFileType = sourcecode.c.h; name = BootLogic.h; path = ../../Bootstrap/TechmasterApp/BootLogic.h; sourceTree = "<group>"; };
		AB9506161C1D262000DD20A3 /* BootLogic.m */ = {isa = PBXFileReference; fileEncoding = 4; lastKnownFileType = sourcecode.c.objc; name = BootLogic.m; path = ../../Bootstrap/TechmasterApp/BootLogic.m; sourceTree = "<group>"; };
		AB9506171C1D262000DD20A3 /* ConsoleScreen.h */ = {isa = PBXFileReference; fileEncoding = 4; lastKnownFileType = sourcecode.c.h; name = ConsoleScreen.h; path = ../../Bootstrap/TechmasterApp/ConsoleScreen.h; sourceTree = "<group>"; };
		AB9506181C1D262000DD20A3 /* ConsoleScreen.m */ = {isa = PBXFileReference; fileEncoding = 4; lastKnownFileType = sourcecode.c.objc; name = ConsoleScreen.m; path = ../../Bootstrap/TechmasterApp/ConsoleScreen.m; sourceTree = "<group>"; };
		AB9506191C1D262000DD20A3 /* MainScreen.h */ = {isa = PBXFileReference; fileEncoding = 4; lastKnownFileType = sourcecode.c.h; name = MainScreen.h; path = ../../Bootstrap/TechmasterApp/MainScreen.h; sourceTree = "<group>"; };
		AB95061A1C1D262000DD20A3 /* MainScreen.m */ = {isa = PBXFileReference; fileEncoding = 4; lastKnownFileType = sourcecode.c.objc; name = MainScreen.m; path = ../../Bootstrap/TechmasterApp/MainScreen.m; sourceTree = "<group>"; };
		AB9506201C1D27BA00DD20A3 /* DemoFunction.h */ = {isa = PBXFileReference; fileEncoding = 4; lastKnownFileType = sourcecode.c.h; path = DemoFunction.h; sourceTree = "<group>"; };
		AB9506211C1D27BA00DD20A3 /* DemoFunction.m */ = {isa = PBXFileReference; fileEncoding = 4; lastKnownFileType = sourcecode.c.objc; path = DemoFunction.m; sourceTree = "<group>"; };
		AB9506241C1D283700DD20A3 /* DemoSelector.h */ = {isa = PBXFileReference; fileEncoding = 4; lastKnownFileType = sourcecode.c.h; path = DemoSelector.h; sourceTree = "<group>"; };
		AB9506251C1D283700DD20A3 /* DemoSelector.m */ = {isa = PBXFileReference; fileEncoding = 4; lastKnownFileType = sourcecode.c.objc; path = DemoSelector.m; sourceTree = "<group>"; };
		AB9506261C1D283700DD20A3 /* DemoSelector.xib */ = {isa = PBXFileReference; fileEncoding = 4; lastKnownFileType = file.xib; path = DemoSelector.xib; sourceTree = "<group>"; };
/* End PBXFileReference section */

/* Begin PBXFrameworksBuildPhase section */
		AB9505D91C1D25D600DD20A3 /* Frameworks */ = {
			isa = PBXFrameworksBuildPhase;
			buildActionMask = 2147483647;
			files = (
			);
			runOnlyForDeploymentPostprocessing = 0;
		};
/* End PBXFrameworksBuildPhase section */

/* Begin PBXGroup section */
		AB9505D31C1D25D600DD20A3 = {
			isa = PBXGroup;
			children = (
				AB9505DE1C1D25D600DD20A3 /* ObjCExamples1 */,
				AB9505DD1C1D25D600DD20A3 /* Products */,
			);
			sourceTree = "<group>";
		};
		AB9505DD1C1D25D600DD20A3 /* Products */ = {
			isa = PBXGroup;
			children = (
				AB9505DC1C1D25D600DD20A3 /* ObjCExamples1.app */,
			);
			name = Products;
			sourceTree = "<group>";
		};
		AB9505DE1C1D25D600DD20A3 /* ObjCExamples1 */ = {
			isa = PBXGroup;
			children = (
				AB9506121C1D260700DD20A3 /* Core */,
				AB95061F1C1D278400DD20A3 /* Basic */,
				AB9505EB1C1D25D600DD20A3 /* Assets.xcassets */,
				AB9505F01C1D25D600DD20A3 /* Info.plist */,
				AB9505DF1C1D25D600DD20A3 /* Supporting Files */,
			);
			path = ObjCExamples1;
			sourceTree = "<group>";
		};
		AB9505DF1C1D25D600DD20A3 /* Supporting Files */ = {
			isa = PBXGroup;
			children = (
				AB9505E01C1D25D600DD20A3 /* main.m */,
			);
			name = "Supporting Files";
			sourceTree = "<group>";
		};
		AB9506121C1D260700DD20A3 /* Core */ = {
			isa = PBXGroup;
			children = (
				AB9506131C1D262000DD20A3 /* AppDelegate.h */,
				AB9506141C1D262000DD20A3 /* AppDelegate.m */,
				AB9506151C1D262000DD20A3 /* BootLogic.h */,
				AB9506161C1D262000DD20A3 /* BootLogic.m */,
				AB9506171C1D262000DD20A3 /* ConsoleScreen.h */,
				AB9506181C1D262000DD20A3 /* ConsoleScreen.m */,
				AB9506191C1D262000DD20A3 /* MainScreen.h */,
				AB95061A1C1D262000DD20A3 /* MainScreen.m */,
			);
			name = Core;
			sourceTree = "<group>";
		};
		AB95061F1C1D278400DD20A3 /* Basic */ = {
			isa = PBXGroup;
			children = (
				AB9506201C1D27BA00DD20A3 /* DemoFunction.h */,
				AB9506211C1D27BA00DD20A3 /* DemoFunction.m */,
				AB9506241C1D283700DD20A3 /* DemoSelector.h */,
				AB9506251C1D283700DD20A3 /* DemoSelector.m */,
				AB9506261C1D283700DD20A3 /* DemoSelector.xib */,
			);
			name = Basic;
			sourceTree = "<group>";
		};
/* End PBXGroup section */

/* Begin PBXNativeTarget section */
		AB9505DB1C1D25D600DD20A3 /* ObjCExamples1 */ = {
			isa = PBXNativeTarget;
			buildConfigurationList = AB9506091C1D25D600DD20A3 /* Build configuration list for PBXNativeTarget "ObjCExamples1" */;
			buildPhases = (
				AB9505D81C1D25D600DD20A3 /* Sources */,
				AB9505D91C1D25D600DD20A3 /* Frameworks */,
				AB9505DA1C1D25D600DD20A3 /* Resources */,
			);
			buildRules = (
			);
			dependencies = (
			);
			name = ObjCExamples1;
			productName = ObjCExamples1;
			productReference = AB9505DC1C1D25D600DD20A3 /* ObjCExamples1.app */;
			productType = "com.apple.product-type.application";
		};
/* End PBXNativeTarget section */

/* Begin PBXProject section */
		AB9505D41C1D25D600DD20A3 /* Project object */ = {
			isa = PBXProject;
			attributes = {
				LastUpgradeCheck = 0720;
				ORGANIZATIONNAME = HOANGTHAI;
				TargetAttributes = {
					AB9505DB1C1D25D600DD20A3 = {
						CreatedOnToolsVersion = 7.2;
					};
				};
			};
			buildConfigurationList = AB9505D71C1D25D600DD20A3 /* Build configuration list for PBXProject "ObjCExamples1" */;
			compatibilityVersion = "Xcode 3.2";
			developmentRegion = English;
			hasScannedForEncodings = 0;
			knownRegions = (
				en,
				Base,
			);
			mainGroup = AB9505D31C1D25D600DD20A3;
			productRefGroup = AB9505DD1C1D25D600DD20A3 /* Products */;
			projectDirPath = "";
			projectRoot = "";
			targets = (
				AB9505DB1C1D25D600DD20A3 /* ObjCExamples1 */,
			);
		};
/* End PBXProject section */

/* Begin PBXResourcesBuildPhase section */
		AB9505DA1C1D25D600DD20A3 /* Resources */ = {
			isa = PBXResourcesBuildPhase;
			buildActionMask = 2147483647;
			files = (
				AB9505EC1C1D25D600DD20A3 /* Assets.xcassets in Resources */,
				AB9506281C1D283700DD20A3 /* DemoSelector.xib in Resources */,
			);
			runOnlyForDeploymentPostprocessing = 0;
		};
/* End PBXResourcesBuildPhase section */

/* Begin PBXSourcesBuildPhase section */
		AB9505D81C1D25D600DD20A3 /* Sources */ = {
			isa = PBXSourcesBuildPhase;
			buildActionMask = 2147483647;
			files = (
				AB95061C1C1D262000DD20A3 /* BootLogic.m in Sources */,
				AB95061E1C1D262000DD20A3 /* MainScreen.m in Sources */,
				AB95061D1C1D262000DD20A3 /* ConsoleScreen.m in Sources */,
				AB95061B1C1D262000DD20A3 /* AppDelegate.m in Sources */,
				AB9506221C1D27BA00DD20A3 /* DemoFunction.m in Sources */,
				AB9506271C1D283700DD20A3 /* DemoSelector.m in Sources */,
				AB9505E11C1D25D600DD20A3 /* main.m in Sources */,
			);
			runOnlyForDeploymentPostprocessing = 0;
		};
/* End PBXSourcesBuildPhase section */

/* Begin XCBuildConfiguration section */
		AB9506071C1D25D600DD20A3 /* Debug */ = {
			isa = XCBuildConfiguration;
			buildSettings = {
				ALWAYS_SEARCH_USER_PATHS = NO;
				CLANG_CXX_LANGUAGE_STANDARD = "gnu++0x";
				CLANG_CXX_LIBRARY = "libc++";
				CLANG_ENABLE_MODULES = YES;
				CLANG_ENABLE_OBJC_ARC = YES;
				CLANG_WARN_BOOL_CONVERSION = YES;
				CLANG_WARN_CONSTANT_CONVERSION = YES;
				CLANG_WARN_DIRECT_OBJC_ISA_USAGE = YES_ERROR;
				CLANG_WARN_EMPTY_BODY = YES;
				CLANG_WARN_ENUM_CONVERSION = YES;
				CLANG_WARN_INT_CONVERSION = YES;
				CLANG_WARN_OBJC_ROOT_CLASS = YES_ERROR;
				CLANG_WARN_UNREACHABLE_CODE = YES;
				CLANG_WARN__DUPLICATE_METHOD_MATCH = YES;
				"CODE_SIGN_IDENTITY[sdk=iphoneos*]" = "iPhone Developer";
				COPY_PHASE_STRIP = NO;
				DEBUG_INFORMATION_FORMAT = dwarf;
				ENABLE_STRICT_OBJC_MSGSEND = YES;
				ENABLE_TESTABILITY = YES;
				GCC_C_LANGUAGE_STANDARD = gnu99;
				GCC_DYNAMIC_NO_PIC = NO;
				GCC_NO_COMMON_BLOCKS = YES;
				GCC_OPTIMIZATION_LEVEL = 0;
				GCC_PREPROCESSOR_DEFINITIONS = (
					"DEBUG=1",
					"$(inherited)",
				);
				GCC_WARN_64_TO_32_BIT_CONVERSION = YES;
				GCC_WARN_ABOUT_RETURN_TYPE = YES_ERROR;
				GCC_WARN_UNDECLARED_SELECTOR = YES;
				GCC_WARN_UNINITIALIZED_AUTOS = YES_AGGRESSIVE;
				GCC_WARN_UNUSED_FUNCTION = YES;
				GCC_WARN_UNUSED_VARIABLE = YES;
				IPHONEOS_DEPLOYMENT_TARGET = 9.2;
				MTL_ENABLE_DEBUG_INFO = YES;
				ONLY_ACTIVE_ARCH = YES;
				SDKROOT = iphoneos;
			};
			name = Debug;
		};
		AB9506081C1D25D600DD20A3 /* Release */ = {
			isa = XCBuildConfiguration;
			buildSettings = {
				ALWAYS_SEARCH_USER_PATHS = NO;
				CLANG_CXX_LANGUAGE_STANDARD = "gnu++0x";
				CLANG_CXX_LIBRARY = "libc++";
				CLANG_ENABLE_MODULES = YES;
				CLANG_ENABLE_OBJC_ARC = YES;
				CLANG_WARN_BOOL_CONVERSION = YES;
				CLANG_WARN_CONSTANT_CONVERSION = YES;
				CLANG_WARN_DIRECT_OBJC_ISA_USAGE = YES_ERROR;
				CLANG_WARN_EMPTY_BODY = YES;
				CLANG_WARN_ENUM_CONVERSION = YES;
				CLANG_WARN_INT_CONVERSION = YES;
				CLANG_WARN_OBJC_ROOT_CLASS = YES_ERROR;
				CLANG_WARN_UNREACHABLE_CODE = YES;
				CLANG_WARN__DUPLICATE_METHOD_MATCH = YES;
				"CODE_SIGN_IDENTITY[sdk=iphoneos*]" = "iPhone Developer";
				COPY_PHASE_STRIP = NO;
				DEBUG_INFORMATION_FORMAT = "dwarf-with-dsym";
				ENABLE_NS_ASSERTIONS = NO;
				ENABLE_STRICT_OBJC_MSGSEND = YES;
				GCC_C_LANGUAGE_STANDARD = gnu99;
				GCC_NO_COMMON_BLOCKS = YES;
				GCC_WARN_64_TO_32_BIT_CONVERSION = YES;
				GCC_WARN_ABOUT_RETURN_TYPE = YES_ERROR;
				GCC_WARN_UNDECLARED_SELECTOR = YES;
				GCC_WARN_UNINITIALIZED_AUTOS = YES_AGGRESSIVE;
				GCC_WARN_UNUSED_FUNCTION = YES;
				GCC_WARN_UNUSED_VARIABLE = YES;
				IPHONEOS_DEPLOYMENT_TARGET = 9.2;
				MTL_ENABLE_DEBUG_INFO = NO;
				SDKROOT = iphoneos;
				VALIDATE_PRODUCT = YES;
			};
			name = Release;
		};
		AB95060A1C1D25D600DD20A3 /* Debug */ = {
			isa = XCBuildConfiguration;
			buildSettings = {
				ASSETCATALOG_COMPILER_APPICON_NAME = AppIcon;
				INFOPLIST_FILE = ObjCExamples1/Info.plist;
				LD_RUNPATH_SEARCH_PATHS = "$(inherited) @executable_path/Frameworks";
				PRODUCT_BUNDLE_IDENTIFIER = HOANGTHAI.ObjCExamples1;
				PRODUCT_NAME = "$(TARGET_NAME)";
			};
			name = Debug;
		};
		AB95060B1C1D25D600DD20A3 /* Release */ = {
			isa = XCBuildConfiguration;
			buildSettings = {
				ASSETCATALOG_COMPILER_APPICON_NAME = AppIcon;
				INFOPLIST_FILE = ObjCExamples1/Info.plist;
				LD_RUNPATH_SEARCH_PATHS = "$(inherited) @executable_path/Frameworks";
				PRODUCT_BUNDLE_IDENTIFIER = HOANGTHAI.ObjCExamples1;
				PRODUCT_NAME = "$(TARGET_NAME)";
			};
			name = Release;
		};
/* End XCBuildConfiguration section */

/* Begin XCConfigurationList section */
		AB9505D71C1D25D600DD20A3 /* Build configuration list for PBXProject "ObjCExamples1" */ = {
			isa = XCConfigurationList;
			buildConfigurations = (
				AB9506071C1D25D600DD20A3 /* Debug */,
				AB9506081C1D25D600DD20A3 /* Release */,
			);
			defaultConfigurationIsVisible = 0;
			defaultConfigurationName = Release;
		};
		AB9506091C1D25D600DD20A3 /* Build configuration list for PBXNativeTarget "ObjCExamples1" */ = {
			isa = XCConfigurationList;
			buildConfigurations = (
				AB95060A1C1D25D600DD20A3 /* Debug */,
				AB95060B1C1D25D600DD20A3 /* Release */,
			);
			defaultConfigurationIsVisible = 0;
		};
/* End XCConfigurationList section */
	};
	rootObject = AB9505D41C1D25D600DD20A3 /* Project object */;
}
